
Microsoft Visual Studio Solution File, Format Version 12.00
# Visual Studio Version 17
VisualStudioVersion = 17.8.34330.188
MinimumVisualStudioVersion = 10.0.40219.1
Project("{FAE04EC0-301F-11D3-BF4B-00C04F79EFBC}") = "FirstEmployeeApi", "FirstEmployeeApi.csproj", "{161D6728-7314-41B5-AD61-A2E7D0EEAEC0}"
EndProject
Global
	GlobalSection(SolutionConfigurationPlatforms) = preSolution
		Debug|Any CPU = Debug|Any CPU
		Release|Any CPU = Release|Any CPU
	EndGlobalSection
	GlobalSection(ProjectConfigurationPlatforms) = postSolution
		{161D6728-7314-41B5-AD61-A2E7D0EEAEC0}.Debug|Any CPU.ActiveCfg = Debug|Any CPU
		{161D6728-7314-41B5-AD61-A2E7D0EEAEC0}.Debug|Any CPU.Build.0 = Debug|Any CPU
		{161D6728-7314-41B5-AD61-A2E7D0EEAEC0}.Release|Any CPU.ActiveCfg = Release|Any CPU
		{161D6728-7314-41B5-AD61-A2E7D0EEAEC0}.Release|Any CPU.Build.0 = Release|Any CPU
	EndGlobalSection
	GlobalSection(SolutionProperties) = preSolution
		HideSolutionNode = FALSE
	EndGlobalSection
	GlobalSection(ExtensibilityGlobals) = postSolution
		SolutionGuid = {EC43F428-3BD7-41CD-89E8-D75F7AD7D301}
	EndGlobalSection
EndGlobal
